
Microsoft Visual Studio Solution File, Format Version 12.00
# Visual Studio 15
VisualStudioVersion = 15.0.28307.168
MinimumVisualStudioVersion = 10.0.40219.1
Project("{FAE04EC0-301F-11D3-BF4B-00C04F79EFBC}") = "LocationHistoryAnalyzer", "LocationHistoryAnalyzer\LocationHistoryAnalyzer.csproj", "{B0893DF2-25BD-4CCF-AD24-5243AC0B2F8E}"
EndProject
Global
	GlobalSection(SolutionConfigurationPlatforms) = preSolution
		Debug|Any CPU = Debug|Any CPU
		Release|Any CPU = Release|Any CPU
	EndGlobalSection
	GlobalSection(ProjectConfigurationPlatforms) = postSolution
		{B0893DF2-25BD-4CCF-AD24-5243AC0B2F8E}.Debug|Any CPU.ActiveCfg = Debug|Any CPU
		{B0893DF2-25BD-4CCF-AD24-5243AC0B2F8E}.Debug|Any CPU.Build.0 = Debug|Any CPU
		{B0893DF2-25BD-4CCF-AD24-5243AC0B2F8E}.Release|Any CPU.ActiveCfg = Release|Any CPU
		{B0893DF2-25BD-4CCF-AD24-5243AC0B2F8E}.Release|Any CPU.Build.0 = Release|Any CPU
	EndGlobalSection
	GlobalSection(SolutionProperties) = preSolution
		HideSolutionNode = FALSE
	EndGlobalSection
	GlobalSection(ExtensibilityGlobals) = postSolution
		SolutionGuid = {94C17433-5F8C-4AA2-89E6-9E8BEC7D9DE7}
	EndGlobalSection
EndGlobal
